
Microsoft Visual Studio Solution File, Format Version 12.00
# Visual Studio 14
VisualStudioVersion = 14.0.25123.0
MinimumVisualStudioVersion = 10.0.40219.1
Project("{FAE04EC0-301F-11D3-BF4B-00C04F79EFBC}") = "OneSignal.CSharp.SDK", "OneSignal.CSharp.SDK\OneSignal.CSharp.SDK.csproj", "{81900249-B891-4B10-99B4-9810D793C8CF}"
EndProject
Global
	GlobalSection(SolutionConfigurationPlatforms) = preSolution
		Debug|Any CPU = Debug|Any CPU
		Release|Any CPU = Release|Any CPU
	EndGlobalSection
	GlobalSection(ProjectConfigurationPlatforms) = postSolution
		{81900249-B891-4B10-99B4-9810D793C8CF}.Debug|Any CPU.ActiveCfg = Debug|Any CPU
		{81900249-B891-4B10-99B4-9810D793C8CF}.Debug|Any CPU.Build.0 = Debug|Any CPU
		{81900249-B891-4B10-99B4-9810D793C8CF}.Release|Any CPU.ActiveCfg = Release|Any CPU
		{81900249-B891-4B10-99B4-9810D793C8CF}.Release|Any CPU.Build.0 = Release|Any CPU
	EndGlobalSection
	GlobalSection(SolutionProperties) = preSolution
		HideSolutionNode = FALSE
	EndGlobalSection
EndGlobal
